
Microsoft Visual Studio Solution File, Format Version 12.00
# Visual Studio Version 17
VisualStudioVersion = 17.5.002.0
MinimumVisualStudioVersion = 10.0.40219.1
Project("{2150E333-8FDC-42A3-9474-1A3956D46DE8}") = "csharp-prep", "csharp-prep", "{2011C068-8B95-4D9F-A747-382480B1788F}"
EndProject
Project("{9A19103F-16F7-4668-BE54-9A1E7A4F7556}") = "Prep1", "csharp-prep\Prep1\Prep1.csproj", "{1356DC95-45F6-4E16-8087-600DD302D32B}"
EndProject
Project("{9A19103F-16F7-4668-BE54-9A1E7A4F7556}") = "Prep2", "csharp-prep\Prep2\Prep2.csproj", "{FA5FDBF4-A935-4EA4-8148-E399E9E334B9}"
EndProject
Project("{9A19103F-16F7-4668-BE54-9A1E7A4F7556}") = "Prep3", "csharp-prep\Prep3\Prep3.csproj", "{C3002222-C182-4795-B239-C97E9C8ABC74}"
EndProject
Project("{9A19103F-16F7-4668-BE54-9A1E7A4F7556}") = "Prep4", "csharp-prep\Prep4\Prep4.csproj", "{3078A418-799C-410F-AFC7-302E6457A1A7}"
EndProject
Project("{9A19103F-16F7-4668-BE54-9A1E7A4F7556}") = "Prep5", "csharp-prep\Prep5\Prep5.csproj", "{A813A416-AB4A-4935-8EC8-518FE954AFBD}"
EndProject
Project("{2150E333-8FDC-42A3-9474-1A3956D46DE8}") = "final", "final", "{B494F4E0-440B-46CF-B188-FA9A497E81D1}"
EndProject
Project("{9A19103F-16F7-4668-BE54-9A1E7A4F7556}") = "FinalProject", "final\FinalProject\FinalProject.csproj", "{82DBEE2D-756C-49F0-89B8-BA478F6C5A13}"
EndProject
Project("{9A19103F-16F7-4668-BE54-9A1E7A4F7556}") = "Foundation1", "final\Foundation1\Foundation1.csproj", "{B89E7707-DC09-456B-9ACB-CC55349FBAB6}"
EndProject
Project("{9A19103F-16F7-4668-BE54-9A1E7A4F7556}") = "Foundation2", "final\Foundation2\Foundation2.csproj", "{EAB9BA8A-357D-413C-BB17-42DB1E2C7261}"
EndProject
Project("{9A19103F-16F7-4668-BE54-9A1E7A4F7556}") = "Foundation3", "final\Foundation3\Foundation3.csproj", "{178BE2F2-0D9A-4297-9812-CB7ADB559E34}"
EndProject
Project("{9A19103F-16F7-4668-BE54-9A1E7A4F7556}") = "Foundation4", "final\Foundation4\Foundation4.csproj", "{35CFE5AD-3971-444D-9426-8028CE04B41D}"
EndProject
Project("{2150E333-8FDC-42A3-9474-1A3956D46DE8}") = "prepare", "prepare", "{A2E35691-8A8C-46E9-88CA-BEE90826CFA3}"
EndProject
Project("{9A19103F-16F7-4668-BE54-9A1E7A4F7556}") = "Learning02", "prepare\Learning02\Learning02.csproj", "{2D0761A8-8C22-45AB-A77A-D07281CF117E}"
EndProject
Project("{9A19103F-16F7-4668-BE54-9A1E7A4F7556}") = "Learning03", "prepare\Learning03\Learning03.csproj", "{1C09808B-A825-49A8-939E-5D9B60456D58}"
EndProject
Project("{9A19103F-16F7-4668-BE54-9A1E7A4F7556}") = "Learning04", "prepare\Learning04\Learning04.csproj", "{743E940B-3732-40B6-9A83-C3DF9D1FC826}"
EndProject
Project("{9A19103F-16F7-4668-BE54-9A1E7A4F7556}") = "Learning05", "prepare\Learning05\Learning05.csproj", "{0B4C760F-37B8-453D-B5AE-E53A6292740F}"
EndProject
Project("{2150E333-8FDC-42A3-9474-1A3956D46DE8}") = "prove", "prove", "{F751398D-DFEB-4B75-8B00-BA74B7F20EEB}"
EndProject
Project("{9A19103F-16F7-4668-BE54-9A1E7A4F7556}") = "Develop02", "prove\Develop02\Develop02.csproj", "{E677AFBC-7694-48F1-92F2-BDA8E3A623BF}"
EndProject
Project("{9A19103F-16F7-4668-BE54-9A1E7A4F7556}") = "Develop03", "prove\Develop03\Develop03.csproj", "{CA7CFD5F-4838-4C02-BFE4-5502284E50AA}"
EndProject
Project("{9A19103F-16F7-4668-BE54-9A1E7A4F7556}") = "Develop04", "prove\Develop04\Develop04.csproj", "{EB0AD3E0-232F-4814-8F4B-11D3FF02702F}"
EndProject
Project("{9A19103F-16F7-4668-BE54-9A1E7A4F7556}") = "Develop05", "prove\Develop05\Develop05.csproj", "{1BC4EBFA-1DB3-4756-98D3-2D4DD4A77F1D}"
EndProject
Project("{2150E333-8FDC-42A3-9474-1A3956D46DE8}") = "sandbox", "sandbox", "{8D8F105B-CF23-48FE-A96D-8956B1ABE68C}"
EndProject
Project("{9A19103F-16F7-4668-BE54-9A1E7A4F7556}") = "Sandbox", "sandbox\Sandbox\Sandbox.csproj", "{907A61F5-FA8F-499C-9308-65BA763003F1}"
EndProject
Global
	GlobalSection(SolutionConfigurationPlatforms) = preSolution
		Debug|Any CPU = Debug|Any CPU
		Release|Any CPU = Release|Any CPU
	EndGlobalSection
	GlobalSection(ProjectConfigurationPlatforms) = postSolution
		{1356DC95-45F6-4E16-8087-600DD302D32B}.Debug|Any CPU.ActiveCfg = Debug|Any CPU
		{1356DC95-45F6-4E16-8087-600DD302D32B}.Debug|Any CPU.Build.0 = Debug|Any CPU
		{1356DC95-45F6-4E16-8087-600DD302D32B}.Release|Any CPU.ActiveCfg = Release|Any CPU
		{1356DC95-45F6-4E16-8087-600DD302D32B}.Release|Any CPU.Build.0 = Release|Any CPU
		{FA5FDBF4-A935-4EA4-8148-E399E9E334B9}.Debug|Any CPU.ActiveCfg = Debug|Any CPU
		{FA5FDBF4-A935-4EA4-8148-E399E9E334B9}.Debug|Any CPU.Build.0 = Debug|Any CPU
		{FA5FDBF4-A935-4EA4-8148-E399E9E334B9}.Release|Any CPU.ActiveCfg = Release|Any CPU
		{FA5FDBF4-A935-4EA4-8148-E399E9E334B9}.Release|Any CPU.Build.0 = Release|Any CPU
		{C3002222-C182-4795-B239-C97E9C8ABC74}.Debug|Any CPU.ActiveCfg = Debug|Any CPU
		{C3002222-C182-4795-B239-C97E9C8ABC74}.Debug|Any CPU.Build.0 = Debug|Any CPU
		{C3002222-C182-4795-B239-C97E9C8ABC74}.Release|Any CPU.ActiveCfg = Release|Any CPU
		{C3002222-C182-4795-B239-C97E9C8ABC74}.Release|Any CPU.Build.0 = Release|Any CPU
		{3078A418-799C-410F-AFC7-302E6457A1A7}.Debug|Any CPU.ActiveCfg = Debug|Any CPU
		{3078A418-799C-410F-AFC7-302E6457A1A7}.Debug|Any CPU.Build.0 = Debug|Any CPU
		{3078A418-799C-410F-AFC7-302E6457A1A7}.Release|Any CPU.ActiveCfg = Release|Any CPU
		{3078A418-799C-410F-AFC7-302E6457A1A7}.Release|Any CPU.Build.0 = Release|Any CPU
		{A813A416-AB4A-4935-8EC8-518FE954AFBD}.Debug|Any CPU.ActiveCfg = Debug|Any CPU
		{A813A416-AB4A-4935-8EC8-518FE954AFBD}.Debug|Any CPU.Build.0 = Debug|Any CPU
		{A813A416-AB4A-4935-8EC8-518FE954AFBD}.Release|Any CPU.ActiveCfg = Release|Any CPU
		{A813A416-AB4A-4935-8EC8-518FE954AFBD}.Release|Any CPU.Build.0 = Release|Any CPU
		{82DBEE2D-756C-49F0-89B8-BA478F6C5A13}.Debug|Any CPU.ActiveCfg = Debug|Any CPU
		{82DBEE2D-756C-49F0-89B8-BA478F6C5A13}.Debug|Any CPU.Build.0 = Debug|Any CPU
		{82DBEE2D-756C-49F0-89B8-BA478F6C5A13}.Release|Any CPU.ActiveCfg = Release|Any CPU
		{82DBEE2D-756C-49F0-89B8-BA478F6C5A13}.Release|Any CPU.Build.0 = Release|Any CPU
		{B89E7707-DC09-456B-9ACB-CC55349FBAB6}.Debug|Any CPU.ActiveCfg = Debug|Any CPU
		{B89E7707-DC09-456B-9ACB-CC55349FBAB6}.Debug|Any CPU.Build.0 = Debug|Any CPU
		{B89E7707-DC09-456B-9ACB-CC55349FBAB6}.Release|Any CPU.ActiveCfg = Release|Any CPU
		{B89E7707-DC09-456B-9ACB-CC55349FBAB6}.Release|Any CPU.Build.0 = Release|Any CPU
		{EAB9BA8A-357D-413C-BB17-42DB1E2C7261}.Debug|Any CPU.ActiveCfg = Debug|Any CPU
		{EAB9BA8A-357D-413C-BB17-42DB1E2C7261}.Debug|Any CPU.Build.0 = Debug|Any CPU
		{EAB9BA8A-357D-413C-BB17-42DB1E2C7261}.Release|Any CPU.ActiveCfg = Release|Any CPU
		{EAB9BA8A-357D-413C-BB17-42DB1E2C7261}.Release|Any CPU.Build.0 = Release|Any CPU
		{178BE2F2-0D9A-4297-9812-CB7ADB559E34}.Debug|Any CPU.ActiveCfg = Debug|Any CPU
		{178BE2F2-0D9A-4297-9812-CB7ADB559E34}.Debug|Any CPU.Build.0 = Debug|Any CPU
		{178BE2F2-0D9A-4297-9812-CB7ADB559E34}.Release|Any CPU.ActiveCfg = Release|Any CPU
		{178BE2F2-0D9A-4297-9812-CB7ADB559E34}.Release|Any CPU.Build.0 = Release|Any CPU
		{35CFE5AD-3971-444D-9426-8028CE04B41D}.Debug|Any CPU.ActiveCfg = Debug|Any CPU
		{35CFE5AD-3971-444D-9426-8028CE04B41D}.Debug|Any CPU.Build.0 = Debug|Any CPU
		{35CFE5AD-3971-444D-9426-8028CE04B41D}.Release|Any CPU.ActiveCfg = Release|Any CPU
		{35CFE5AD-3971-444D-9426-8028CE04B41D}.Release|Any CPU.Build.0 = Release|Any CPU
		{2D0761A8-8C22-45AB-A77A-D07281CF117E}.Debug|Any CPU.ActiveCfg = Debug|Any CPU
		{2D0761A8-8C22-45AB-A77A-D07281CF117E}.Debug|Any CPU.Build.0 = Debug|Any CPU
		{2D0761A8-8C22-45AB-A77A-D07281CF117E}.Release|Any CPU.ActiveCfg = Release|Any CPU
		{2D0761A8-8C22-45AB-A77A-D07281CF117E}.Release|Any CPU.Build.0 = Release|Any CPU
		{1C09808B-A825-49A8-939E-5D9B60456D58}.Debug|Any CPU.ActiveCfg = Debug|Any CPU
		{1C09808B-A825-49A8-939E-5D9B60456D58}.Debug|Any CPU.Build.0 = Debug|Any CPU
		{1C09808B-A825-49A8-939E-5D9B60456D58}.Release|Any CPU.ActiveCfg = Release|Any CPU
		{1C09808B-A825-49A8-939E-5D9B60456D58}.Release|Any CPU.Build.0 = Release|Any CPU
		{743E940B-3732-40B6-9A83-C3DF9D1FC826}.Debug|Any CPU.ActiveCfg = Debug|Any CPU
		{743E940B-3732-40B6-9A83-C3DF9D1FC826}.Debug|Any CPU.Build.0 = Debug|Any CPU
		{743E940B-3732-40B6-9A83-C3DF9D1FC826}.Release|Any CPU.ActiveCfg = Release|Any CPU
		{743E940B-3732-40B6-9A83-C3DF9D1FC826}.Release|Any CPU.Build.0 = Release|Any CPU
		{0B4C760F-37B8-453D-B5AE-E53A6292740F}.Debug|Any CPU.ActiveCfg = Debug|Any CPU
		{0B4C760F-37B8-453D-B5AE-E53A6292740F}.Debug|Any CPU.Build.0 = Debug|Any CPU
		{0B4C760F-37B8-453D-B5AE-E53A6292740F}.Release|Any CPU.ActiveCfg = Release|Any CPU
		{0B4C760F-37B8-453D-B5AE-E53A6292740F}.Release|Any CPU.Build.0 = Release|Any CPU
		{E677AFBC-7694-48F1-92F2-BDA8E3A623BF}.Debug|Any CPU.ActiveCfg = Debug|Any CPU
		{E677AFBC-7694-48F1-92F2-BDA8E3A623BF}.Debug|Any CPU.Build.0 = Debug|Any CPU
		{E677AFBC-7694-48F1-92F2-BDA8E3A623BF}.Release|Any CPU.ActiveCfg = Release|Any CPU
		{E677AFBC-7694-48F1-92F2-BDA8E3A623BF}.Release|Any CPU.Build.0 = Release|Any CPU
		{CA7CFD5F-4838-4C02-BFE4-5502284E50AA}.Debug|Any CPU.ActiveCfg = Debug|Any CPU
		{CA7CFD5F-4838-4C02-BFE4-5502284E50AA}.Debug|Any CPU.Build.0 = Debug|Any CPU
		{CA7CFD5F-4838-4C02-BFE4-5502284E50AA}.Release|Any CPU.ActiveCfg = Release|Any CPU
		{CA7CFD5F-4838-4C02-BFE4-5502284E50AA}.Release|Any CPU.Build.0 = Release|Any CPU
		{EB0AD3E0-232F-4814-8F4B-11D3FF02702F}.Debug|Any CPU.ActiveCfg = Debug|Any CPU
		{EB0AD3E0-232F-4814-8F4B-11D3FF02702F}.Debug|Any CPU.Build.0 = Debug|Any CPU
		{EB0AD3E0-232F-4814-8F4B-11D3FF02702F}.Release|Any CPU.ActiveCfg = Release|Any CPU
		{EB0AD3E0-232F-4814-8F4B-11D3FF02702F}.Release|Any CPU.Build.0 = Release|Any CPU
		{1BC4EBFA-1DB3-4756-98D3-2D4DD4A77F1D}.Debug|Any CPU.ActiveCfg = Debug|Any CPU
		{1BC4EBFA-1DB3-4756-98D3-2D4DD4A77F1D}.Debug|Any CPU.Build.0 = Debug|Any CPU
		{1BC4EBFA-1DB3-4756-98D3-2D4DD4A77F1D}.Release|Any CPU.ActiveCfg = Release|Any CPU
		{1BC4EBFA-1DB3-4756-98D3-2D4DD4A77F1D}.Release|Any CPU.Build.0 = Release|Any CPU
		{907A61F5-FA8F-499C-9308-65BA763003F1}.Debug|Any CPU.ActiveCfg = Debug|Any CPU
		{907A61F5-FA8F-499C-9308-65BA763003F1}.Debug|Any CPU.Build.0 = Debug|Any CPU
		{907A61F5-FA8F-499C-9308-65BA763003F1}.Release|Any CPU.ActiveCfg = Release|Any CPU
		{907A61F5-FA8F-499C-9308-65BA763003F1}.Release|Any CPU.Build.0 = Release|Any CPU
	EndGlobalSection
	GlobalSection(SolutionProperties) = preSolution
		HideSolutionNode = FALSE
	EndGlobalSection
	GlobalSection(NestedProjects) = preSolution
		{1356DC95-45F6-4E16-8087-600DD302D32B} = {2011C068-8B95-4D9F-A747-382480B1788F}
		{FA5FDBF4-A935-4EA4-8148-E399E9E334B9} = {2011C068-8B95-4D9F-A747-382480B1788F}
		{C3002222-C182-4795-B239-C97E9C8ABC74} = {2011C068-8B95-4D9F-A747-382480B1788F}
		{3078A418-799C-410F-AFC7-302E6457A1A7} = {2011C068-8B95-4D9F-A747-382480B1788F}
		{A813A416-AB4A-4935-8EC8-518FE954AFBD} = {2011C068-8B95-4D9F-A747-382480B1788F}
		{82DBEE2D-756C-49F0-89B8-BA478F6C5A13} = {B494F4E0-440B-46CF-B188-FA9A497E81D1}
		{B89E7707-DC09-456B-9ACB-CC55349FBAB6} = {B494F4E0-440B-46CF-B188-FA9A497E81D1}
		{EAB9BA8A-357D-413C-BB17-42DB1E2C7261} = {B494F4E0-440B-46CF-B188-FA9A497E81D1}
		{178BE2F2-0D9A-4297-9812-CB7ADB559E34} = {B494F4E0-440B-46CF-B188-FA9A497E81D1}
		{35CFE5AD-3971-444D-9426-8028CE04B41D} = {B494F4E0-440B-46CF-B188-FA9A497E81D1}
		{2D0761A8-8C22-45AB-A77A-D07281CF117E} = {A2E35691-8A8C-46E9-88CA-BEE90826CFA3}
		{1C09808B-A825-49A8-939E-5D9B60456D58} = {A2E35691-8A8C-46E9-88CA-BEE90826CFA3}
		{743E940B-3732-40B6-9A83-C3DF9D1FC826} = {A2E35691-8A8C-46E9-88CA-BEE90826CFA3}
		{0B4C760F-37B8-453D-B5AE-E53A6292740F} = {A2E35691-8A8C-46E9-88CA-BEE90826CFA3}
		{E677AFBC-7694-48F1-92F2-BDA8E3A623BF} = {F751398D-DFEB-4B75-8B00-BA74B7F20EEB}
		{CA7CFD5F-4838-4C02-BFE4-5502284E50AA} = {F751398D-DFEB-4B75-8B00-BA74B7F20EEB}
		{EB0AD3E0-232F-4814-8F4B-11D3FF02702F} = {F751398D-DFEB-4B75-8B00-BA74B7F20EEB}
		{1BC4EBFA-1DB3-4756-98D3-2D4DD4A77F1D} = {F751398D-DFEB-4B75-8B00-BA74B7F20EEB}
		{907A61F5-FA8F-499C-9308-65BA763003F1} = {8D8F105B-CF23-48FE-A96D-8956B1ABE68C}
	EndGlobalSection
	GlobalSection(ExtensibilityGlobals) = postSolution
		SolutionGuid = {0C8B5792-17AD-4DA5-9848-5718C452BF4A}
	EndGlobalSection
EndGlobal
